{
  "name": "Login",
  "version": "0.0.0",
  "lockfileVersion": 2,
  "requires": true,
  "packages": {
    "": {
      "name": "Login",
      "version": "0.0.0",
      "dependencies": {
        "Login": "file:"
      }
    },
    "node_modules/Login": {
      "resolved": "",
      "link": true
    }
  },
  "dependencies": {
    "Login": {
      "version": "file:",
      "requires": {
        "Login": "file:"
      }
    }
  }
}
