{
  "name": "PageTitle",
  "version": "0.0.0",
  "lockfileVersion": 2,
  "requires": true,
  "packages": {
    "": {
      "name": "PageTitle",
      "version": "0.0.0",
      "dependencies": {
        "PageTitle": "file:"
      }
    },
    "node_modules/PageTitle": {
      "resolved": "",
      "link": true
    }
  },
  "dependencies": {
    "PageTitle": {
      "version": "file:",
      "requires": {
        "PageTitle": "file:"
      }
    }
  }
}
