{
  "name": "Icons",
  "version": "0.0.0",
  "lockfileVersion": 2,
  "requires": true,
  "packages": {
    "": {
      "name": "Icons",
      "version": "0.0.0",
      "dependencies": {
        "Icons": "file:"
      }
    },
    "node_modules/Icons": {
      "resolved": "",
      "link": true
    }
  },
  "dependencies": {
    "Icons": {
      "version": "file:",
      "requires": {
        "Icons": "file:"
      }
    }
  }
}
